
Microsoft Visual Studio Solution File, Format Version 12.00
# Visual Studio Version 17
VisualStudioVersion = 17.0.31903.59
MinimumVisualStudioVersion = 10.0.40219.1
Project("{FAE04EC0-301F-11D3-BF4B-00C04F79EFBC}") = "Miniaudio", "src\Miniaudio\Miniaudio.csproj", "{59B14B8A-D46F-4DC6-81CC-0D3D03AEC248}"
EndProject
Project("{FAE04EC0-301F-11D3-BF4B-00C04F79EFBC}") = "Miniaudio.SmokeTests", "tests\Miniaudio.SmokeTests\Miniaudio.SmokeTests.csproj", "{AFAEF798-F3E2-4ED2-8BF3-D661970E68F3}"
EndProject
Global
	GlobalSection(SolutionConfigurationPlatforms) = preSolution
		Debug|Any CPU = Debug|Any CPU
		Release|Any CPU = Release|Any CPU
	EndGlobalSection
	GlobalSection(ProjectConfigurationPlatforms) = postSolution
		{59B14B8A-D46F-4DC6-81CC-0D3D03AEC248}.Debug|Any CPU.ActiveCfg = Debug|Any CPU
		{59B14B8A-D46F-4DC6-81CC-0D3D03AEC248}.Debug|Any CPU.Build.0 = Debug|Any CPU
		{59B14B8A-D46F-4DC6-81CC-0D3D03AEC248}.Release|Any CPU.ActiveCfg = Release|Any CPU
		{59B14B8A-D46F-4DC6-81CC-0D3D03AEC248}.Release|Any CPU.Build.0 = Release|Any CPU
		{AFAEF798-F3E2-4ED2-8BF3-D661970E68F3}.Debug|Any CPU.ActiveCfg = Debug|Any CPU
		{AFAEF798-F3E2-4ED2-8BF3-D661970E68F3}.Debug|Any CPU.Build.0 = Debug|Any CPU
		{AFAEF798-F3E2-4ED2-8BF3-D661970E68F3}.Release|Any CPU.ActiveCfg = Release|Any CPU
		{AFAEF798-F3E2-4ED2-8BF3-D661970E68F3}.Release|Any CPU.Build.0 = Release|Any CPU
	EndGlobalSection
EndGlobal
